
Microsoft Visual Studio Solution File, Format Version 12.00
# Visual Studio Version 16
VisualStudioVersion = 16.0.29123.88
MinimumVisualStudioVersion = 10.0.40219.1
Project("{FAE04EC0-301F-11D3-BF4B-00C04F79EFBC}") = "Accountchecker", "Accountchecker\Accountchecker.csproj", "{D4F00469-EC32-4EE8-B039-81DDB461B669}"
EndProject
Global
	GlobalSection(SolutionConfigurationPlatforms) = preSolution
		Debug|Any CPU = Debug|Any CPU
		Release|Any CPU = Release|Any CPU
	EndGlobalSection
	GlobalSection(ProjectConfigurationPlatforms) = postSolution
		{D4F00469-EC32-4EE8-B039-81DDB461B669}.Debug|Any CPU.ActiveCfg = Debug|Any CPU
		{D4F00469-EC32-4EE8-B039-81DDB461B669}.Debug|Any CPU.Build.0 = Debug|Any CPU
		{D4F00469-EC32-4EE8-B039-81DDB461B669}.Release|Any CPU.ActiveCfg = Release|Any CPU
		{D4F00469-EC32-4EE8-B039-81DDB461B669}.Release|Any CPU.Build.0 = Release|Any CPU
	EndGlobalSection
	GlobalSection(SolutionProperties) = preSolution
		HideSolutionNode = FALSE
	EndGlobalSection
	GlobalSection(ExtensibilityGlobals) = postSolution
		SolutionGuid = {0785A7D9-69E4-4E09-A557-D6CA6D288AE0}
	EndGlobalSection
EndGlobal
